
Microsoft Visual Studio Solution File, Format Version 12.00
# Visual Studio 15
VisualStudioVersion = 15.0.28010.2026
MinimumVisualStudioVersion = 10.0.40219.1
Project("{8BC9CEB8-8B4A-11D0-8D11-00A0C91BC942}") = "murmurhash", "murmurhash.vcxproj", "{8276C5C5-905F-4F6D-88E2-DDDD849F2739}"
EndProject
Project("{8BC9CEB8-8B4A-11D0-8D11-00A0C91BC942}") = "netp", "..\..\..\projects\msvc\netp.vcxproj", "{CDCE0809-6C77-480B-8912-09C043B9C268}"
EndProject
Global
	GlobalSection(SolutionConfigurationPlatforms) = preSolution
		Debug|x64 = Debug|x64
		Debug|x86 = Debug|x86
		Release|x64 = Release|x64
		Release|x86 = Release|x86
	EndGlobalSection
	GlobalSection(ProjectConfigurationPlatforms) = postSolution
		{8276C5C5-905F-4F6D-88E2-DDDD849F2739}.Debug|x64.ActiveCfg = Debug|x64
		{8276C5C5-905F-4F6D-88E2-DDDD849F2739}.Debug|x64.Build.0 = Debug|x64
		{8276C5C5-905F-4F6D-88E2-DDDD849F2739}.Debug|x86.ActiveCfg = Debug|Win32
		{8276C5C5-905F-4F6D-88E2-DDDD849F2739}.Debug|x86.Build.0 = Debug|Win32
		{8276C5C5-905F-4F6D-88E2-DDDD849F2739}.Release|x64.ActiveCfg = Release|x64
		{8276C5C5-905F-4F6D-88E2-DDDD849F2739}.Release|x64.Build.0 = Release|x64
		{8276C5C5-905F-4F6D-88E2-DDDD849F2739}.Release|x86.ActiveCfg = Release|Win32
		{8276C5C5-905F-4F6D-88E2-DDDD849F2739}.Release|x86.Build.0 = Release|Win32
		{CDCE0809-6C77-480B-8912-09C043B9C268}.Debug|x64.ActiveCfg = Debug|x64
		{CDCE0809-6C77-480B-8912-09C043B9C268}.Debug|x64.Build.0 = Debug|x64
		{CDCE0809-6C77-480B-8912-09C043B9C268}.Debug|x86.ActiveCfg = Debug|Win32
		{CDCE0809-6C77-480B-8912-09C043B9C268}.Debug|x86.Build.0 = Debug|Win32
		{CDCE0809-6C77-480B-8912-09C043B9C268}.Release|x64.ActiveCfg = Release|x64
		{CDCE0809-6C77-480B-8912-09C043B9C268}.Release|x64.Build.0 = Release|x64
		{CDCE0809-6C77-480B-8912-09C043B9C268}.Release|x86.ActiveCfg = Release|Win32
		{CDCE0809-6C77-480B-8912-09C043B9C268}.Release|x86.Build.0 = Release|Win32
	EndGlobalSection
	GlobalSection(SolutionProperties) = preSolution
		HideSolutionNode = FALSE
	EndGlobalSection
	GlobalSection(ExtensibilityGlobals) = postSolution
		SolutionGuid = {B29629D8-2722-4F0B-8089-CF48A528B4FF}
	EndGlobalSection
EndGlobal
