
Microsoft Visual Studio Solution File, Format Version 12.00
# Visual Studio Version 16
VisualStudioVersion = 16.0.30907.101
MinimumVisualStudioVersion = 10.0.40219.1
Project("{8BC9CEB8-8B4A-11D0-8D11-00A0C91BC942}") = "heap", "heap.vcxproj", "{D64A235D-D222-41F6-BF1C-51BEB42DA319}"
EndProject
Project("{8BC9CEB8-8B4A-11D0-8D11-00A0C91BC942}") = "netplus", "..\..\..\..\projects\msvc\netplus.vcxproj", "{BBAE246C-3639-4750-A212-E3A0B86E9BC3}"
EndProject
Global
	GlobalSection(SolutionConfigurationPlatforms) = preSolution
		Debug|x64 = Debug|x64
		Debug|x86 = Debug|x86
		Release|x64 = Release|x64
		Release|x86 = Release|x86
	EndGlobalSection
	GlobalSection(ProjectConfigurationPlatforms) = postSolution
		{D64A235D-D222-41F6-BF1C-51BEB42DA319}.Debug|x64.ActiveCfg = Debug|x64
		{D64A235D-D222-41F6-BF1C-51BEB42DA319}.Debug|x64.Build.0 = Debug|x64
		{D64A235D-D222-41F6-BF1C-51BEB42DA319}.Debug|x86.ActiveCfg = Debug|Win32
		{D64A235D-D222-41F6-BF1C-51BEB42DA319}.Debug|x86.Build.0 = Debug|Win32
		{D64A235D-D222-41F6-BF1C-51BEB42DA319}.Release|x64.ActiveCfg = Release|x64
		{D64A235D-D222-41F6-BF1C-51BEB42DA319}.Release|x64.Build.0 = Release|x64
		{D64A235D-D222-41F6-BF1C-51BEB42DA319}.Release|x86.ActiveCfg = Release|Win32
		{D64A235D-D222-41F6-BF1C-51BEB42DA319}.Release|x86.Build.0 = Release|Win32
		{BBAE246C-3639-4750-A212-E3A0B86E9BC3}.Debug|x64.ActiveCfg = Debug|x64
		{BBAE246C-3639-4750-A212-E3A0B86E9BC3}.Debug|x64.Build.0 = Debug|x64
		{BBAE246C-3639-4750-A212-E3A0B86E9BC3}.Debug|x86.ActiveCfg = Debug|Win32
		{BBAE246C-3639-4750-A212-E3A0B86E9BC3}.Debug|x86.Build.0 = Debug|Win32
		{BBAE246C-3639-4750-A212-E3A0B86E9BC3}.Release|x64.ActiveCfg = Release|x64
		{BBAE246C-3639-4750-A212-E3A0B86E9BC3}.Release|x64.Build.0 = Release|x64
		{BBAE246C-3639-4750-A212-E3A0B86E9BC3}.Release|x86.ActiveCfg = Release|Win32
		{BBAE246C-3639-4750-A212-E3A0B86E9BC3}.Release|x86.Build.0 = Release|Win32
	EndGlobalSection
	GlobalSection(SolutionProperties) = preSolution
		HideSolutionNode = FALSE
	EndGlobalSection
	GlobalSection(ExtensibilityGlobals) = postSolution
		SolutionGuid = {9046BE18-2AAB-4964-B00E-7DA44ABB9B03}
	EndGlobalSection
EndGlobal
