
Microsoft Visual Studio Solution File, Format Version 12.00
# Visual Studio 15
VisualStudioVersion = 15.0.28307.102
MinimumVisualStudioVersion = 10.0.40219.1
Project("{8BC9CEB8-8B4A-11D0-8D11-00A0C91BC942}") = "rpc1", "rpc1.vcxproj", "{F1627144-2944-4B33-927B-B5596302ADDB}"
EndProject
Project("{8BC9CEB8-8B4A-11D0-8D11-00A0C91BC942}") = "netp", "..\..\..\projects\msvc\netp.vcxproj", "{CDCE0809-6C77-480B-8912-09C043B9C268}"
EndProject
Global
	GlobalSection(SolutionConfigurationPlatforms) = preSolution
		Debug|x64 = Debug|x64
		Debug|x86 = Debug|x86
		Release|x64 = Release|x64
		Release|x86 = Release|x86
	EndGlobalSection
	GlobalSection(ProjectConfigurationPlatforms) = postSolution
		{F1627144-2944-4B33-927B-B5596302ADDB}.Debug|x64.ActiveCfg = Debug|x64
		{F1627144-2944-4B33-927B-B5596302ADDB}.Debug|x64.Build.0 = Debug|x64
		{F1627144-2944-4B33-927B-B5596302ADDB}.Debug|x86.ActiveCfg = Debug|Win32
		{F1627144-2944-4B33-927B-B5596302ADDB}.Debug|x86.Build.0 = Debug|Win32
		{F1627144-2944-4B33-927B-B5596302ADDB}.Release|x64.ActiveCfg = Release|x64
		{F1627144-2944-4B33-927B-B5596302ADDB}.Release|x64.Build.0 = Release|x64
		{F1627144-2944-4B33-927B-B5596302ADDB}.Release|x86.ActiveCfg = Release|Win32
		{F1627144-2944-4B33-927B-B5596302ADDB}.Release|x86.Build.0 = Release|Win32
		{CDCE0809-6C77-480B-8912-09C043B9C268}.Debug|x64.ActiveCfg = Debug|x64
		{CDCE0809-6C77-480B-8912-09C043B9C268}.Debug|x64.Build.0 = Debug|x64
		{CDCE0809-6C77-480B-8912-09C043B9C268}.Debug|x86.ActiveCfg = Debug|Win32
		{CDCE0809-6C77-480B-8912-09C043B9C268}.Debug|x86.Build.0 = Debug|Win32
		{CDCE0809-6C77-480B-8912-09C043B9C268}.Release|x64.ActiveCfg = Release|x64
		{CDCE0809-6C77-480B-8912-09C043B9C268}.Release|x64.Build.0 = Release|x64
		{CDCE0809-6C77-480B-8912-09C043B9C268}.Release|x86.ActiveCfg = Release|Win32
		{CDCE0809-6C77-480B-8912-09C043B9C268}.Release|x86.Build.0 = Release|Win32
	EndGlobalSection
	GlobalSection(SolutionProperties) = preSolution
		HideSolutionNode = FALSE
	EndGlobalSection
	GlobalSection(ExtensibilityGlobals) = postSolution
		SolutionGuid = {80E857C0-90DE-4EB9-AD53-F86FC5D0CD29}
	EndGlobalSection
EndGlobal
