
Microsoft Visual Studio Solution File, Format Version 12.00
# Visual Studio Version 16
VisualStudioVersion = 16.0.29613.14
MinimumVisualStudioVersion = 10.0.40219.1
Project("{8BC9CEB8-8B4A-11D0-8D11-00A0C91BC942}") = "netlog", "netlog.vcxproj", "{233BC9B7-4206-4FEA-BA22-6DA7F6C80526}"
EndProject
Project("{8BC9CEB8-8B4A-11D0-8D11-00A0C91BC942}") = "netplus", "..\..\..\..\projects\msvc\netplus.vcxproj", "{BBAE246C-3639-4750-A212-E3A0B86E9BC3}"
EndProject
Global
	GlobalSection(SolutionConfigurationPlatforms) = preSolution
		D_rujp|x64 = D_rujp|x64
		D_rujp|x86 = D_rujp|x86
		D_tcp|x64 = D_tcp|x64
		D_tcp|x86 = D_tcp|x86
		D_vul_jp|x64 = D_vul_jp|x64
		D_vul_jp|x86 = D_vul_jp|x86
		Debug_local|x64 = Debug_local|x64
		Debug_local|x86 = Debug_local|x86
		Debug_vuru_jp|x64 = Debug_vuru_jp|x64
		Debug_vuru_jp|x86 = Debug_vuru_jp|x86
		Debug|x64 = Debug|x64
		Debug|x86 = Debug|x86
		R_local|x64 = R_local|x64
		R_local|x86 = R_local|x86
		R_rujp|x64 = R_rujp|x64
		R_rujp|x86 = R_rujp|x86
		R_tcp|x64 = R_tcp|x64
		R_tcp|x86 = R_tcp|x86
		R_vul_jp|x64 = R_vul_jp|x64
		R_vul_jp|x86 = R_vul_jp|x86
		Release_rujp|x64 = Release_rujp|x64
		Release_rujp|x86 = Release_rujp|x86
		Release|x64 = Release|x64
		Release|x86 = Release|x86
	EndGlobalSection
	GlobalSection(ProjectConfigurationPlatforms) = postSolution
		{233BC9B7-4206-4FEA-BA22-6DA7F6C80526}.D_rujp|x64.ActiveCfg = Debug|x64
		{233BC9B7-4206-4FEA-BA22-6DA7F6C80526}.D_rujp|x64.Build.0 = Debug|x64
		{233BC9B7-4206-4FEA-BA22-6DA7F6C80526}.D_rujp|x86.ActiveCfg = Debug|Win32
		{233BC9B7-4206-4FEA-BA22-6DA7F6C80526}.D_rujp|x86.Build.0 = Debug|Win32
		{233BC9B7-4206-4FEA-BA22-6DA7F6C80526}.D_tcp|x64.ActiveCfg = Debug|x64
		{233BC9B7-4206-4FEA-BA22-6DA7F6C80526}.D_tcp|x64.Build.0 = Debug|x64
		{233BC9B7-4206-4FEA-BA22-6DA7F6C80526}.D_tcp|x86.ActiveCfg = Debug|Win32
		{233BC9B7-4206-4FEA-BA22-6DA7F6C80526}.D_tcp|x86.Build.0 = Debug|Win32
		{233BC9B7-4206-4FEA-BA22-6DA7F6C80526}.D_vul_jp|x64.ActiveCfg = Debug|x64
		{233BC9B7-4206-4FEA-BA22-6DA7F6C80526}.D_vul_jp|x64.Build.0 = Debug|x64
		{233BC9B7-4206-4FEA-BA22-6DA7F6C80526}.D_vul_jp|x86.ActiveCfg = Debug|Win32
		{233BC9B7-4206-4FEA-BA22-6DA7F6C80526}.D_vul_jp|x86.Build.0 = Debug|Win32
		{233BC9B7-4206-4FEA-BA22-6DA7F6C80526}.Debug_local|x64.ActiveCfg = Debug|x64
		{233BC9B7-4206-4FEA-BA22-6DA7F6C80526}.Debug_local|x64.Build.0 = Debug|x64
		{233BC9B7-4206-4FEA-BA22-6DA7F6C80526}.Debug_local|x86.ActiveCfg = Debug|Win32
		{233BC9B7-4206-4FEA-BA22-6DA7F6C80526}.Debug_local|x86.Build.0 = Debug|Win32
		{233BC9B7-4206-4FEA-BA22-6DA7F6C80526}.Debug_vuru_jp|x64.ActiveCfg = Debug|x64
		{233BC9B7-4206-4FEA-BA22-6DA7F6C80526}.Debug_vuru_jp|x64.Build.0 = Debug|x64
		{233BC9B7-4206-4FEA-BA22-6DA7F6C80526}.Debug_vuru_jp|x86.ActiveCfg = Debug|Win32
		{233BC9B7-4206-4FEA-BA22-6DA7F6C80526}.Debug_vuru_jp|x86.Build.0 = Debug|Win32
		{233BC9B7-4206-4FEA-BA22-6DA7F6C80526}.Debug|x64.ActiveCfg = Debug|x64
		{233BC9B7-4206-4FEA-BA22-6DA7F6C80526}.Debug|x64.Build.0 = Debug|x64
		{233BC9B7-4206-4FEA-BA22-6DA7F6C80526}.Debug|x86.ActiveCfg = Debug|Win32
		{233BC9B7-4206-4FEA-BA22-6DA7F6C80526}.Debug|x86.Build.0 = Debug|Win32
		{233BC9B7-4206-4FEA-BA22-6DA7F6C80526}.R_local|x64.ActiveCfg = Release|x64
		{233BC9B7-4206-4FEA-BA22-6DA7F6C80526}.R_local|x64.Build.0 = Release|x64
		{233BC9B7-4206-4FEA-BA22-6DA7F6C80526}.R_local|x86.ActiveCfg = Release|Win32
		{233BC9B7-4206-4FEA-BA22-6DA7F6C80526}.R_local|x86.Build.0 = Release|Win32
		{233BC9B7-4206-4FEA-BA22-6DA7F6C80526}.R_rujp|x64.ActiveCfg = Release|x64
		{233BC9B7-4206-4FEA-BA22-6DA7F6C80526}.R_rujp|x64.Build.0 = Release|x64
		{233BC9B7-4206-4FEA-BA22-6DA7F6C80526}.R_rujp|x86.ActiveCfg = Release|Win32
		{233BC9B7-4206-4FEA-BA22-6DA7F6C80526}.R_rujp|x86.Build.0 = Release|Win32
		{233BC9B7-4206-4FEA-BA22-6DA7F6C80526}.R_tcp|x64.ActiveCfg = Release|x64
		{233BC9B7-4206-4FEA-BA22-6DA7F6C80526}.R_tcp|x64.Build.0 = Release|x64
		{233BC9B7-4206-4FEA-BA22-6DA7F6C80526}.R_tcp|x86.ActiveCfg = Release|Win32
		{233BC9B7-4206-4FEA-BA22-6DA7F6C80526}.R_tcp|x86.Build.0 = Release|Win32
		{233BC9B7-4206-4FEA-BA22-6DA7F6C80526}.R_vul_jp|x64.ActiveCfg = Release|x64
		{233BC9B7-4206-4FEA-BA22-6DA7F6C80526}.R_vul_jp|x64.Build.0 = Release|x64
		{233BC9B7-4206-4FEA-BA22-6DA7F6C80526}.R_vul_jp|x86.ActiveCfg = Release|Win32
		{233BC9B7-4206-4FEA-BA22-6DA7F6C80526}.R_vul_jp|x86.Build.0 = Release|Win32
		{233BC9B7-4206-4FEA-BA22-6DA7F6C80526}.Release_rujp|x64.ActiveCfg = Release|x64
		{233BC9B7-4206-4FEA-BA22-6DA7F6C80526}.Release_rujp|x64.Build.0 = Release|x64
		{233BC9B7-4206-4FEA-BA22-6DA7F6C80526}.Release_rujp|x86.ActiveCfg = Release|Win32
		{233BC9B7-4206-4FEA-BA22-6DA7F6C80526}.Release_rujp|x86.Build.0 = Release|Win32
		{233BC9B7-4206-4FEA-BA22-6DA7F6C80526}.Release|x64.ActiveCfg = Release|x64
		{233BC9B7-4206-4FEA-BA22-6DA7F6C80526}.Release|x64.Build.0 = Release|x64
		{233BC9B7-4206-4FEA-BA22-6DA7F6C80526}.Release|x86.ActiveCfg = Release|Win32
		{233BC9B7-4206-4FEA-BA22-6DA7F6C80526}.Release|x86.Build.0 = Release|Win32
		{BBAE246C-3639-4750-A212-E3A0B86E9BC3}.D_rujp|x64.ActiveCfg = Debug|x64
		{BBAE246C-3639-4750-A212-E3A0B86E9BC3}.D_rujp|x64.Build.0 = Debug|x64
		{BBAE246C-3639-4750-A212-E3A0B86E9BC3}.D_rujp|x86.ActiveCfg = Debug|Win32
		{BBAE246C-3639-4750-A212-E3A0B86E9BC3}.D_rujp|x86.Build.0 = Debug|Win32
		{BBAE246C-3639-4750-A212-E3A0B86E9BC3}.D_tcp|x64.ActiveCfg = Debug|x64
		{BBAE246C-3639-4750-A212-E3A0B86E9BC3}.D_tcp|x64.Build.0 = Debug|x64
		{BBAE246C-3639-4750-A212-E3A0B86E9BC3}.D_tcp|x86.ActiveCfg = Debug|Win32
		{BBAE246C-3639-4750-A212-E3A0B86E9BC3}.D_tcp|x86.Build.0 = Debug|Win32
		{BBAE246C-3639-4750-A212-E3A0B86E9BC3}.D_vul_jp|x64.ActiveCfg = Debug|x64
		{BBAE246C-3639-4750-A212-E3A0B86E9BC3}.D_vul_jp|x64.Build.0 = Debug|x64
		{BBAE246C-3639-4750-A212-E3A0B86E9BC3}.D_vul_jp|x86.ActiveCfg = Debug|Win32
		{BBAE246C-3639-4750-A212-E3A0B86E9BC3}.D_vul_jp|x86.Build.0 = Debug|Win32
		{BBAE246C-3639-4750-A212-E3A0B86E9BC3}.Debug_local|x64.ActiveCfg = Debug|x64
		{BBAE246C-3639-4750-A212-E3A0B86E9BC3}.Debug_local|x64.Build.0 = Debug|x64
		{BBAE246C-3639-4750-A212-E3A0B86E9BC3}.Debug_local|x86.ActiveCfg = Debug|Win32
		{BBAE246C-3639-4750-A212-E3A0B86E9BC3}.Debug_local|x86.Build.0 = Debug|Win32
		{BBAE246C-3639-4750-A212-E3A0B86E9BC3}.Debug_vuru_jp|x64.ActiveCfg = Debug|x64
		{BBAE246C-3639-4750-A212-E3A0B86E9BC3}.Debug_vuru_jp|x64.Build.0 = Debug|x64
		{BBAE246C-3639-4750-A212-E3A0B86E9BC3}.Debug_vuru_jp|x86.ActiveCfg = Debug|Win32
		{BBAE246C-3639-4750-A212-E3A0B86E9BC3}.Debug_vuru_jp|x86.Build.0 = Debug|Win32
		{BBAE246C-3639-4750-A212-E3A0B86E9BC3}.Debug|x64.ActiveCfg = Debug|x64
		{BBAE246C-3639-4750-A212-E3A0B86E9BC3}.Debug|x64.Build.0 = Debug|x64
		{BBAE246C-3639-4750-A212-E3A0B86E9BC3}.Debug|x86.ActiveCfg = Debug|Win32
		{BBAE246C-3639-4750-A212-E3A0B86E9BC3}.Debug|x86.Build.0 = Debug|Win32
		{BBAE246C-3639-4750-A212-E3A0B86E9BC3}.R_local|x64.ActiveCfg = Release|x64
		{BBAE246C-3639-4750-A212-E3A0B86E9BC3}.R_local|x64.Build.0 = Release|x64
		{BBAE246C-3639-4750-A212-E3A0B86E9BC3}.R_local|x86.ActiveCfg = Release|Win32
		{BBAE246C-3639-4750-A212-E3A0B86E9BC3}.R_local|x86.Build.0 = Release|Win32
		{BBAE246C-3639-4750-A212-E3A0B86E9BC3}.R_rujp|x64.ActiveCfg = Release|x64
		{BBAE246C-3639-4750-A212-E3A0B86E9BC3}.R_rujp|x64.Build.0 = Release|x64
		{BBAE246C-3639-4750-A212-E3A0B86E9BC3}.R_rujp|x86.ActiveCfg = Release|Win32
		{BBAE246C-3639-4750-A212-E3A0B86E9BC3}.R_rujp|x86.Build.0 = Release|Win32
		{BBAE246C-3639-4750-A212-E3A0B86E9BC3}.R_tcp|x64.ActiveCfg = Release|x64
		{BBAE246C-3639-4750-A212-E3A0B86E9BC3}.R_tcp|x64.Build.0 = Release|x64
		{BBAE246C-3639-4750-A212-E3A0B86E9BC3}.R_tcp|x86.ActiveCfg = Release|Win32
		{BBAE246C-3639-4750-A212-E3A0B86E9BC3}.R_tcp|x86.Build.0 = Release|Win32
		{BBAE246C-3639-4750-A212-E3A0B86E9BC3}.R_vul_jp|x64.ActiveCfg = Release|x64
		{BBAE246C-3639-4750-A212-E3A0B86E9BC3}.R_vul_jp|x64.Build.0 = Release|x64
		{BBAE246C-3639-4750-A212-E3A0B86E9BC3}.R_vul_jp|x86.ActiveCfg = Release|Win32
		{BBAE246C-3639-4750-A212-E3A0B86E9BC3}.R_vul_jp|x86.Build.0 = Release|Win32
		{BBAE246C-3639-4750-A212-E3A0B86E9BC3}.Release_rujp|x64.ActiveCfg = Release|x64
		{BBAE246C-3639-4750-A212-E3A0B86E9BC3}.Release_rujp|x64.Build.0 = Release|x64
		{BBAE246C-3639-4750-A212-E3A0B86E9BC3}.Release_rujp|x86.ActiveCfg = Release|Win32
		{BBAE246C-3639-4750-A212-E3A0B86E9BC3}.Release_rujp|x86.Build.0 = Release|Win32
		{BBAE246C-3639-4750-A212-E3A0B86E9BC3}.Release|x64.ActiveCfg = Release|x64
		{BBAE246C-3639-4750-A212-E3A0B86E9BC3}.Release|x64.Build.0 = Release|x64
		{BBAE246C-3639-4750-A212-E3A0B86E9BC3}.Release|x86.ActiveCfg = Release|Win32
		{BBAE246C-3639-4750-A212-E3A0B86E9BC3}.Release|x86.Build.0 = Release|Win32
	EndGlobalSection
	GlobalSection(SolutionProperties) = preSolution
		HideSolutionNode = FALSE
	EndGlobalSection
	GlobalSection(ExtensibilityGlobals) = postSolution
		SolutionGuid = {46BFEB87-AEE4-40C9-B4FA-EB4A9C553E7E}
	EndGlobalSection
EndGlobal
