
Microsoft Visual Studio Solution File, Format Version 12.00
# Visual Studio 15
VisualStudioVersion = 15.0.28307.902
MinimumVisualStudioVersion = 10.0.40219.1
Project("{8BC9CEB8-8B4A-11D0-8D11-00A0C91BC942}") = "upnp", "upnp.vcxproj", "{0F8B0244-984A-496B-821E-BF62771D6C2D}"
EndProject
Project("{8BC9CEB8-8B4A-11D0-8D11-00A0C91BC942}") = "netp", "..\..\..\..\projects\msvc\netp.vcxproj", "{CDCE0809-6C77-480B-8912-09C043B9C268}"
EndProject
Global
	GlobalSection(SolutionConfigurationPlatforms) = preSolution
		D_rujp|x64 = D_rujp|x64
		D_rujp|x86 = D_rujp|x86
		D_vul_jp|x64 = D_vul_jp|x64
		D_vul_jp|x86 = D_vul_jp|x86
		Debug_local|x64 = Debug_local|x64
		Debug_local|x86 = Debug_local|x86
		Debug_vuru_jp|x64 = Debug_vuru_jp|x64
		Debug_vuru_jp|x86 = Debug_vuru_jp|x86
		Debug|x64 = Debug|x64
		Debug|x86 = Debug|x86
		R_rujp|x64 = R_rujp|x64
		R_rujp|x86 = R_rujp|x86
		R_tcp|x64 = R_tcp|x64
		R_tcp|x86 = R_tcp|x86
		R_vul_jp|x64 = R_vul_jp|x64
		R_vul_jp|x86 = R_vul_jp|x86
		Release_rujp|x64 = Release_rujp|x64
		Release_rujp|x86 = Release_rujp|x86
		Release|x64 = Release|x64
		Release|x86 = Release|x86
	EndGlobalSection
	GlobalSection(ProjectConfigurationPlatforms) = postSolution
		{0F8B0244-984A-496B-821E-BF62771D6C2D}.D_rujp|x64.ActiveCfg = Debug|x64
		{0F8B0244-984A-496B-821E-BF62771D6C2D}.D_rujp|x64.Build.0 = Debug|x64
		{0F8B0244-984A-496B-821E-BF62771D6C2D}.D_rujp|x86.ActiveCfg = Debug|Win32
		{0F8B0244-984A-496B-821E-BF62771D6C2D}.D_rujp|x86.Build.0 = Debug|Win32
		{0F8B0244-984A-496B-821E-BF62771D6C2D}.D_vul_jp|x64.ActiveCfg = Debug|x64
		{0F8B0244-984A-496B-821E-BF62771D6C2D}.D_vul_jp|x64.Build.0 = Debug|x64
		{0F8B0244-984A-496B-821E-BF62771D6C2D}.D_vul_jp|x86.ActiveCfg = Debug|Win32
		{0F8B0244-984A-496B-821E-BF62771D6C2D}.D_vul_jp|x86.Build.0 = Debug|Win32
		{0F8B0244-984A-496B-821E-BF62771D6C2D}.Debug_local|x64.ActiveCfg = Debug|x64
		{0F8B0244-984A-496B-821E-BF62771D6C2D}.Debug_local|x64.Build.0 = Debug|x64
		{0F8B0244-984A-496B-821E-BF62771D6C2D}.Debug_local|x86.ActiveCfg = Debug|Win32
		{0F8B0244-984A-496B-821E-BF62771D6C2D}.Debug_local|x86.Build.0 = Debug|Win32
		{0F8B0244-984A-496B-821E-BF62771D6C2D}.Debug_vuru_jp|x64.ActiveCfg = Debug|x64
		{0F8B0244-984A-496B-821E-BF62771D6C2D}.Debug_vuru_jp|x64.Build.0 = Debug|x64
		{0F8B0244-984A-496B-821E-BF62771D6C2D}.Debug_vuru_jp|x86.ActiveCfg = Debug|Win32
		{0F8B0244-984A-496B-821E-BF62771D6C2D}.Debug_vuru_jp|x86.Build.0 = Debug|Win32
		{0F8B0244-984A-496B-821E-BF62771D6C2D}.Debug|x64.ActiveCfg = Debug|x64
		{0F8B0244-984A-496B-821E-BF62771D6C2D}.Debug|x64.Build.0 = Debug|x64
		{0F8B0244-984A-496B-821E-BF62771D6C2D}.Debug|x86.ActiveCfg = Debug|Win32
		{0F8B0244-984A-496B-821E-BF62771D6C2D}.Debug|x86.Build.0 = Debug|Win32
		{0F8B0244-984A-496B-821E-BF62771D6C2D}.R_rujp|x64.ActiveCfg = Release|x64
		{0F8B0244-984A-496B-821E-BF62771D6C2D}.R_rujp|x64.Build.0 = Release|x64
		{0F8B0244-984A-496B-821E-BF62771D6C2D}.R_rujp|x86.ActiveCfg = Release|Win32
		{0F8B0244-984A-496B-821E-BF62771D6C2D}.R_rujp|x86.Build.0 = Release|Win32
		{0F8B0244-984A-496B-821E-BF62771D6C2D}.R_tcp|x64.ActiveCfg = Release|x64
		{0F8B0244-984A-496B-821E-BF62771D6C2D}.R_tcp|x64.Build.0 = Release|x64
		{0F8B0244-984A-496B-821E-BF62771D6C2D}.R_tcp|x86.ActiveCfg = Release|Win32
		{0F8B0244-984A-496B-821E-BF62771D6C2D}.R_tcp|x86.Build.0 = Release|Win32
		{0F8B0244-984A-496B-821E-BF62771D6C2D}.R_vul_jp|x64.ActiveCfg = Release|x64
		{0F8B0244-984A-496B-821E-BF62771D6C2D}.R_vul_jp|x64.Build.0 = Release|x64
		{0F8B0244-984A-496B-821E-BF62771D6C2D}.R_vul_jp|x86.ActiveCfg = Release|Win32
		{0F8B0244-984A-496B-821E-BF62771D6C2D}.R_vul_jp|x86.Build.0 = Release|Win32
		{0F8B0244-984A-496B-821E-BF62771D6C2D}.Release_rujp|x64.ActiveCfg = Release|x64
		{0F8B0244-984A-496B-821E-BF62771D6C2D}.Release_rujp|x64.Build.0 = Release|x64
		{0F8B0244-984A-496B-821E-BF62771D6C2D}.Release_rujp|x86.ActiveCfg = Release|Win32
		{0F8B0244-984A-496B-821E-BF62771D6C2D}.Release_rujp|x86.Build.0 = Release|Win32
		{0F8B0244-984A-496B-821E-BF62771D6C2D}.Release|x64.ActiveCfg = Release|x64
		{0F8B0244-984A-496B-821E-BF62771D6C2D}.Release|x64.Build.0 = Release|x64
		{0F8B0244-984A-496B-821E-BF62771D6C2D}.Release|x86.ActiveCfg = Release|Win32
		{0F8B0244-984A-496B-821E-BF62771D6C2D}.Release|x86.Build.0 = Release|Win32
		{CDCE0809-6C77-480B-8912-09C043B9C268}.D_rujp|x64.ActiveCfg = D_rujp|x64
		{CDCE0809-6C77-480B-8912-09C043B9C268}.D_rujp|x64.Build.0 = D_rujp|x64
		{CDCE0809-6C77-480B-8912-09C043B9C268}.D_rujp|x86.ActiveCfg = D_rujp|Win32
		{CDCE0809-6C77-480B-8912-09C043B9C268}.D_rujp|x86.Build.0 = D_rujp|Win32
		{CDCE0809-6C77-480B-8912-09C043B9C268}.D_vul_jp|x64.ActiveCfg = D_vul_jp|x64
		{CDCE0809-6C77-480B-8912-09C043B9C268}.D_vul_jp|x64.Build.0 = D_vul_jp|x64
		{CDCE0809-6C77-480B-8912-09C043B9C268}.D_vul_jp|x86.ActiveCfg = D_vul_jp|Win32
		{CDCE0809-6C77-480B-8912-09C043B9C268}.D_vul_jp|x86.Build.0 = D_vul_jp|Win32
		{CDCE0809-6C77-480B-8912-09C043B9C268}.Debug_local|x64.ActiveCfg = Debug_local|x64
		{CDCE0809-6C77-480B-8912-09C043B9C268}.Debug_local|x64.Build.0 = Debug_local|x64
		{CDCE0809-6C77-480B-8912-09C043B9C268}.Debug_local|x86.ActiveCfg = Debug_local|Win32
		{CDCE0809-6C77-480B-8912-09C043B9C268}.Debug_local|x86.Build.0 = Debug_local|Win32
		{CDCE0809-6C77-480B-8912-09C043B9C268}.Debug_vuru_jp|x64.ActiveCfg = Debug_vuru_jp|x64
		{CDCE0809-6C77-480B-8912-09C043B9C268}.Debug_vuru_jp|x64.Build.0 = Debug_vuru_jp|x64
		{CDCE0809-6C77-480B-8912-09C043B9C268}.Debug_vuru_jp|x86.ActiveCfg = Debug_vuru_jp|Win32
		{CDCE0809-6C77-480B-8912-09C043B9C268}.Debug_vuru_jp|x86.Build.0 = Debug_vuru_jp|Win32
		{CDCE0809-6C77-480B-8912-09C043B9C268}.Debug|x64.ActiveCfg = Debug|x64
		{CDCE0809-6C77-480B-8912-09C043B9C268}.Debug|x64.Build.0 = Debug|x64
		{CDCE0809-6C77-480B-8912-09C043B9C268}.Debug|x86.ActiveCfg = Debug|Win32
		{CDCE0809-6C77-480B-8912-09C043B9C268}.Debug|x86.Build.0 = Debug|Win32
		{CDCE0809-6C77-480B-8912-09C043B9C268}.R_rujp|x64.ActiveCfg = R_rujp|x64
		{CDCE0809-6C77-480B-8912-09C043B9C268}.R_rujp|x64.Build.0 = R_rujp|x64
		{CDCE0809-6C77-480B-8912-09C043B9C268}.R_rujp|x86.ActiveCfg = R_rujp|Win32
		{CDCE0809-6C77-480B-8912-09C043B9C268}.R_rujp|x86.Build.0 = R_rujp|Win32
		{CDCE0809-6C77-480B-8912-09C043B9C268}.R_tcp|x64.ActiveCfg = R_tcp|x64
		{CDCE0809-6C77-480B-8912-09C043B9C268}.R_tcp|x64.Build.0 = R_tcp|x64
		{CDCE0809-6C77-480B-8912-09C043B9C268}.R_tcp|x86.ActiveCfg = R_tcp|Win32
		{CDCE0809-6C77-480B-8912-09C043B9C268}.R_tcp|x86.Build.0 = R_tcp|Win32
		{CDCE0809-6C77-480B-8912-09C043B9C268}.R_vul_jp|x64.ActiveCfg = R_vul_jp|x64
		{CDCE0809-6C77-480B-8912-09C043B9C268}.R_vul_jp|x64.Build.0 = R_vul_jp|x64
		{CDCE0809-6C77-480B-8912-09C043B9C268}.R_vul_jp|x86.ActiveCfg = R_vul_jp|Win32
		{CDCE0809-6C77-480B-8912-09C043B9C268}.R_vul_jp|x86.Build.0 = R_vul_jp|Win32
		{CDCE0809-6C77-480B-8912-09C043B9C268}.Release_rujp|x64.ActiveCfg = Release_rujp|x64
		{CDCE0809-6C77-480B-8912-09C043B9C268}.Release_rujp|x64.Build.0 = Release_rujp|x64
		{CDCE0809-6C77-480B-8912-09C043B9C268}.Release_rujp|x86.ActiveCfg = Release_rujp|Win32
		{CDCE0809-6C77-480B-8912-09C043B9C268}.Release_rujp|x86.Build.0 = Release_rujp|Win32
		{CDCE0809-6C77-480B-8912-09C043B9C268}.Release|x64.ActiveCfg = Release|x64
		{CDCE0809-6C77-480B-8912-09C043B9C268}.Release|x64.Build.0 = Release|x64
		{CDCE0809-6C77-480B-8912-09C043B9C268}.Release|x86.ActiveCfg = Release|Win32
		{CDCE0809-6C77-480B-8912-09C043B9C268}.Release|x86.Build.0 = Release|Win32
	EndGlobalSection
	GlobalSection(SolutionProperties) = preSolution
		HideSolutionNode = FALSE
	EndGlobalSection
	GlobalSection(ExtensibilityGlobals) = postSolution
		SolutionGuid = {2F5E8430-DAA4-4B56-A812-01977152E2D2}
	EndGlobalSection
EndGlobal
