
Microsoft Visual Studio Solution File, Format Version 12.00
# Visual Studio 15
VisualStudioVersion = 15.0.28307.1000
MinimumVisualStudioVersion = 10.0.40219.1
Project("{8BC9CEB8-8B4A-11D0-8D11-00A0C91BC942}") = "thp", "thp.vcxproj", "{B7B320E2-02D0-412C-82E1-39E64EA6C949}"
EndProject
Project("{8BC9CEB8-8B4A-11D0-8D11-00A0C91BC942}") = "netp", "..\..\..\..\projects\msvc\netp.vcxproj", "{CDCE0809-6C77-480B-8912-09C043B9C268}"
EndProject
Global
	GlobalSection(SolutionConfigurationPlatforms) = preSolution
		D_centos7|x64 = D_centos7|x64
		D_centos7|x86 = D_centos7|x86
		D_enable_DNSR|x64 = D_enable_DNSR|x64
		D_enable_DNSR|x86 = D_enable_DNSR|x86
		D_rujp|x64 = D_rujp|x64
		D_rujp|x86 = D_rujp|x86
		D_tcp|x64 = D_tcp|x64
		D_tcp|x86 = D_tcp|x86
		D_vul_jp|x64 = D_vul_jp|x64
		D_vul_jp|x86 = D_vul_jp|x86
		Debug_local|x64 = Debug_local|x64
		Debug_local|x86 = Debug_local|x86
		Debug_vuru_jp|x64 = Debug_vuru_jp|x64
		Debug_vuru_jp|x86 = Debug_vuru_jp|x86
		Debug|x64 = Debug|x64
		Debug|x86 = Debug|x86
		R_centos7|x64 = R_centos7|x64
		R_centos7|x86 = R_centos7|x86
		R_centos8|x64 = R_centos8|x64
		R_centos8|x86 = R_centos8|x86
		R_local|x64 = R_local|x64
		R_local|x86 = R_local|x86
		R_random_exit|x64 = R_random_exit|x64
		R_random_exit|x86 = R_random_exit|x86
		R_rpi4|x64 = R_rpi4|x64
		R_rpi4|x86 = R_rpi4|x86
		R_rujp|x64 = R_rujp|x64
		R_rujp|x86 = R_rujp|x86
		R_tcp|x64 = R_tcp|x64
		R_tcp|x86 = R_tcp|x86
		R_vul_jp|x64 = R_vul_jp|x64
		R_vul_jp|x86 = R_vul_jp|x86
		Release_rujp|x64 = Release_rujp|x64
		Release_rujp|x86 = Release_rujp|x86
		Release|x64 = Release|x64
		Release|x86 = Release|x86
	EndGlobalSection
	GlobalSection(ProjectConfigurationPlatforms) = postSolution
		{B7B320E2-02D0-412C-82E1-39E64EA6C949}.D_centos7|x64.ActiveCfg = Debug|x64
		{B7B320E2-02D0-412C-82E1-39E64EA6C949}.D_centos7|x64.Build.0 = Debug|x64
		{B7B320E2-02D0-412C-82E1-39E64EA6C949}.D_centos7|x86.ActiveCfg = Debug|Win32
		{B7B320E2-02D0-412C-82E1-39E64EA6C949}.D_centos7|x86.Build.0 = Debug|Win32
		{B7B320E2-02D0-412C-82E1-39E64EA6C949}.D_enable_DNSR|x64.ActiveCfg = Debug|x64
		{B7B320E2-02D0-412C-82E1-39E64EA6C949}.D_enable_DNSR|x64.Build.0 = Debug|x64
		{B7B320E2-02D0-412C-82E1-39E64EA6C949}.D_enable_DNSR|x86.ActiveCfg = Debug|Win32
		{B7B320E2-02D0-412C-82E1-39E64EA6C949}.D_enable_DNSR|x86.Build.0 = Debug|Win32
		{B7B320E2-02D0-412C-82E1-39E64EA6C949}.D_rujp|x64.ActiveCfg = Debug|x64
		{B7B320E2-02D0-412C-82E1-39E64EA6C949}.D_rujp|x64.Build.0 = Debug|x64
		{B7B320E2-02D0-412C-82E1-39E64EA6C949}.D_rujp|x86.ActiveCfg = Debug|Win32
		{B7B320E2-02D0-412C-82E1-39E64EA6C949}.D_rujp|x86.Build.0 = Debug|Win32
		{B7B320E2-02D0-412C-82E1-39E64EA6C949}.D_tcp|x64.ActiveCfg = Debug|x64
		{B7B320E2-02D0-412C-82E1-39E64EA6C949}.D_tcp|x64.Build.0 = Debug|x64
		{B7B320E2-02D0-412C-82E1-39E64EA6C949}.D_tcp|x86.ActiveCfg = Debug|Win32
		{B7B320E2-02D0-412C-82E1-39E64EA6C949}.D_tcp|x86.Build.0 = Debug|Win32
		{B7B320E2-02D0-412C-82E1-39E64EA6C949}.D_vul_jp|x64.ActiveCfg = Debug|x64
		{B7B320E2-02D0-412C-82E1-39E64EA6C949}.D_vul_jp|x64.Build.0 = Debug|x64
		{B7B320E2-02D0-412C-82E1-39E64EA6C949}.D_vul_jp|x86.ActiveCfg = Debug|Win32
		{B7B320E2-02D0-412C-82E1-39E64EA6C949}.D_vul_jp|x86.Build.0 = Debug|Win32
		{B7B320E2-02D0-412C-82E1-39E64EA6C949}.Debug_local|x64.ActiveCfg = Debug|x64
		{B7B320E2-02D0-412C-82E1-39E64EA6C949}.Debug_local|x64.Build.0 = Debug|x64
		{B7B320E2-02D0-412C-82E1-39E64EA6C949}.Debug_local|x86.ActiveCfg = Debug|Win32
		{B7B320E2-02D0-412C-82E1-39E64EA6C949}.Debug_local|x86.Build.0 = Debug|Win32
		{B7B320E2-02D0-412C-82E1-39E64EA6C949}.Debug_vuru_jp|x64.ActiveCfg = Debug|x64
		{B7B320E2-02D0-412C-82E1-39E64EA6C949}.Debug_vuru_jp|x64.Build.0 = Debug|x64
		{B7B320E2-02D0-412C-82E1-39E64EA6C949}.Debug_vuru_jp|x86.ActiveCfg = Debug|Win32
		{B7B320E2-02D0-412C-82E1-39E64EA6C949}.Debug_vuru_jp|x86.Build.0 = Debug|Win32
		{B7B320E2-02D0-412C-82E1-39E64EA6C949}.Debug|x64.ActiveCfg = Debug|x64
		{B7B320E2-02D0-412C-82E1-39E64EA6C949}.Debug|x64.Build.0 = Debug|x64
		{B7B320E2-02D0-412C-82E1-39E64EA6C949}.Debug|x86.ActiveCfg = Debug|Win32
		{B7B320E2-02D0-412C-82E1-39E64EA6C949}.Debug|x86.Build.0 = Debug|Win32
		{B7B320E2-02D0-412C-82E1-39E64EA6C949}.R_centos7|x64.ActiveCfg = Release|x64
		{B7B320E2-02D0-412C-82E1-39E64EA6C949}.R_centos7|x64.Build.0 = Release|x64
		{B7B320E2-02D0-412C-82E1-39E64EA6C949}.R_centos7|x86.ActiveCfg = Release|Win32
		{B7B320E2-02D0-412C-82E1-39E64EA6C949}.R_centos7|x86.Build.0 = Release|Win32
		{B7B320E2-02D0-412C-82E1-39E64EA6C949}.R_centos8|x64.ActiveCfg = Release|x64
		{B7B320E2-02D0-412C-82E1-39E64EA6C949}.R_centos8|x64.Build.0 = Release|x64
		{B7B320E2-02D0-412C-82E1-39E64EA6C949}.R_centos8|x86.ActiveCfg = Release|Win32
		{B7B320E2-02D0-412C-82E1-39E64EA6C949}.R_centos8|x86.Build.0 = Release|Win32
		{B7B320E2-02D0-412C-82E1-39E64EA6C949}.R_local|x64.ActiveCfg = Release|x64
		{B7B320E2-02D0-412C-82E1-39E64EA6C949}.R_local|x64.Build.0 = Release|x64
		{B7B320E2-02D0-412C-82E1-39E64EA6C949}.R_local|x86.ActiveCfg = Release|Win32
		{B7B320E2-02D0-412C-82E1-39E64EA6C949}.R_local|x86.Build.0 = Release|Win32
		{B7B320E2-02D0-412C-82E1-39E64EA6C949}.R_random_exit|x64.ActiveCfg = Release|x64
		{B7B320E2-02D0-412C-82E1-39E64EA6C949}.R_random_exit|x64.Build.0 = Release|x64
		{B7B320E2-02D0-412C-82E1-39E64EA6C949}.R_random_exit|x86.ActiveCfg = Release|Win32
		{B7B320E2-02D0-412C-82E1-39E64EA6C949}.R_random_exit|x86.Build.0 = Release|Win32
		{B7B320E2-02D0-412C-82E1-39E64EA6C949}.R_rpi4|x64.ActiveCfg = Release|x64
		{B7B320E2-02D0-412C-82E1-39E64EA6C949}.R_rpi4|x64.Build.0 = Release|x64
		{B7B320E2-02D0-412C-82E1-39E64EA6C949}.R_rpi4|x86.ActiveCfg = Release|Win32
		{B7B320E2-02D0-412C-82E1-39E64EA6C949}.R_rpi4|x86.Build.0 = Release|Win32
		{B7B320E2-02D0-412C-82E1-39E64EA6C949}.R_rujp|x64.ActiveCfg = Release|x64
		{B7B320E2-02D0-412C-82E1-39E64EA6C949}.R_rujp|x64.Build.0 = Release|x64
		{B7B320E2-02D0-412C-82E1-39E64EA6C949}.R_rujp|x86.ActiveCfg = Release|Win32
		{B7B320E2-02D0-412C-82E1-39E64EA6C949}.R_rujp|x86.Build.0 = Release|Win32
		{B7B320E2-02D0-412C-82E1-39E64EA6C949}.R_tcp|x64.ActiveCfg = Release|x64
		{B7B320E2-02D0-412C-82E1-39E64EA6C949}.R_tcp|x64.Build.0 = Release|x64
		{B7B320E2-02D0-412C-82E1-39E64EA6C949}.R_tcp|x86.ActiveCfg = Release|Win32
		{B7B320E2-02D0-412C-82E1-39E64EA6C949}.R_tcp|x86.Build.0 = Release|Win32
		{B7B320E2-02D0-412C-82E1-39E64EA6C949}.R_vul_jp|x64.ActiveCfg = Release|x64
		{B7B320E2-02D0-412C-82E1-39E64EA6C949}.R_vul_jp|x64.Build.0 = Release|x64
		{B7B320E2-02D0-412C-82E1-39E64EA6C949}.R_vul_jp|x86.ActiveCfg = Release|Win32
		{B7B320E2-02D0-412C-82E1-39E64EA6C949}.R_vul_jp|x86.Build.0 = Release|Win32
		{B7B320E2-02D0-412C-82E1-39E64EA6C949}.Release_rujp|x64.ActiveCfg = Release|x64
		{B7B320E2-02D0-412C-82E1-39E64EA6C949}.Release_rujp|x64.Build.0 = Release|x64
		{B7B320E2-02D0-412C-82E1-39E64EA6C949}.Release_rujp|x86.ActiveCfg = Release|Win32
		{B7B320E2-02D0-412C-82E1-39E64EA6C949}.Release_rujp|x86.Build.0 = Release|Win32
		{B7B320E2-02D0-412C-82E1-39E64EA6C949}.Release|x64.ActiveCfg = Release|x64
		{B7B320E2-02D0-412C-82E1-39E64EA6C949}.Release|x64.Build.0 = Release|x64
		{B7B320E2-02D0-412C-82E1-39E64EA6C949}.Release|x86.ActiveCfg = Release|Win32
		{B7B320E2-02D0-412C-82E1-39E64EA6C949}.Release|x86.Build.0 = Release|Win32
		{CDCE0809-6C77-480B-8912-09C043B9C268}.D_centos7|x64.ActiveCfg = D_centos7|x64
		{CDCE0809-6C77-480B-8912-09C043B9C268}.D_centos7|x64.Build.0 = D_centos7|x64
		{CDCE0809-6C77-480B-8912-09C043B9C268}.D_centos7|x86.ActiveCfg = D_centos7|Win32
		{CDCE0809-6C77-480B-8912-09C043B9C268}.D_centos7|x86.Build.0 = D_centos7|Win32
		{CDCE0809-6C77-480B-8912-09C043B9C268}.D_enable_DNSR|x64.ActiveCfg = D_enable_DNSR|x64
		{CDCE0809-6C77-480B-8912-09C043B9C268}.D_enable_DNSR|x64.Build.0 = D_enable_DNSR|x64
		{CDCE0809-6C77-480B-8912-09C043B9C268}.D_enable_DNSR|x86.ActiveCfg = D_enable_DNSR|Win32
		{CDCE0809-6C77-480B-8912-09C043B9C268}.D_enable_DNSR|x86.Build.0 = D_enable_DNSR|Win32
		{CDCE0809-6C77-480B-8912-09C043B9C268}.D_rujp|x64.ActiveCfg = D_rujp|x64
		{CDCE0809-6C77-480B-8912-09C043B9C268}.D_rujp|x64.Build.0 = D_rujp|x64
		{CDCE0809-6C77-480B-8912-09C043B9C268}.D_rujp|x86.ActiveCfg = D_rujp|Win32
		{CDCE0809-6C77-480B-8912-09C043B9C268}.D_rujp|x86.Build.0 = D_rujp|Win32
		{CDCE0809-6C77-480B-8912-09C043B9C268}.D_tcp|x64.ActiveCfg = D_tcp|x64
		{CDCE0809-6C77-480B-8912-09C043B9C268}.D_tcp|x64.Build.0 = D_tcp|x64
		{CDCE0809-6C77-480B-8912-09C043B9C268}.D_tcp|x86.ActiveCfg = D_tcp|Win32
		{CDCE0809-6C77-480B-8912-09C043B9C268}.D_tcp|x86.Build.0 = D_tcp|Win32
		{CDCE0809-6C77-480B-8912-09C043B9C268}.D_vul_jp|x64.ActiveCfg = D_vul_jp|x64
		{CDCE0809-6C77-480B-8912-09C043B9C268}.D_vul_jp|x64.Build.0 = D_vul_jp|x64
		{CDCE0809-6C77-480B-8912-09C043B9C268}.D_vul_jp|x86.ActiveCfg = D_vul_jp|Win32
		{CDCE0809-6C77-480B-8912-09C043B9C268}.D_vul_jp|x86.Build.0 = D_vul_jp|Win32
		{CDCE0809-6C77-480B-8912-09C043B9C268}.Debug_local|x64.ActiveCfg = Debug_local|x64
		{CDCE0809-6C77-480B-8912-09C043B9C268}.Debug_local|x64.Build.0 = Debug_local|x64
		{CDCE0809-6C77-480B-8912-09C043B9C268}.Debug_local|x86.ActiveCfg = Debug_local|Win32
		{CDCE0809-6C77-480B-8912-09C043B9C268}.Debug_local|x86.Build.0 = Debug_local|Win32
		{CDCE0809-6C77-480B-8912-09C043B9C268}.Debug_vuru_jp|x64.ActiveCfg = Debug_vuru_jp|x64
		{CDCE0809-6C77-480B-8912-09C043B9C268}.Debug_vuru_jp|x64.Build.0 = Debug_vuru_jp|x64
		{CDCE0809-6C77-480B-8912-09C043B9C268}.Debug_vuru_jp|x86.ActiveCfg = Debug_vuru_jp|Win32
		{CDCE0809-6C77-480B-8912-09C043B9C268}.Debug_vuru_jp|x86.Build.0 = Debug_vuru_jp|Win32
		{CDCE0809-6C77-480B-8912-09C043B9C268}.Debug|x64.ActiveCfg = Debug|x64
		{CDCE0809-6C77-480B-8912-09C043B9C268}.Debug|x64.Build.0 = Debug|x64
		{CDCE0809-6C77-480B-8912-09C043B9C268}.Debug|x86.ActiveCfg = Debug|Win32
		{CDCE0809-6C77-480B-8912-09C043B9C268}.Debug|x86.Build.0 = Debug|Win32
		{CDCE0809-6C77-480B-8912-09C043B9C268}.R_centos7|x64.ActiveCfg = R_centos7|x64
		{CDCE0809-6C77-480B-8912-09C043B9C268}.R_centos7|x64.Build.0 = R_centos7|x64
		{CDCE0809-6C77-480B-8912-09C043B9C268}.R_centos7|x86.ActiveCfg = R_centos7|Win32
		{CDCE0809-6C77-480B-8912-09C043B9C268}.R_centos7|x86.Build.0 = R_centos7|Win32
		{CDCE0809-6C77-480B-8912-09C043B9C268}.R_centos8|x64.ActiveCfg = R_centos8|x64
		{CDCE0809-6C77-480B-8912-09C043B9C268}.R_centos8|x64.Build.0 = R_centos8|x64
		{CDCE0809-6C77-480B-8912-09C043B9C268}.R_centos8|x86.ActiveCfg = R_centos8|Win32
		{CDCE0809-6C77-480B-8912-09C043B9C268}.R_centos8|x86.Build.0 = R_centos8|Win32
		{CDCE0809-6C77-480B-8912-09C043B9C268}.R_local|x64.ActiveCfg = R_local|x64
		{CDCE0809-6C77-480B-8912-09C043B9C268}.R_local|x64.Build.0 = R_local|x64
		{CDCE0809-6C77-480B-8912-09C043B9C268}.R_local|x86.ActiveCfg = R_local|Win32
		{CDCE0809-6C77-480B-8912-09C043B9C268}.R_local|x86.Build.0 = R_local|Win32
		{CDCE0809-6C77-480B-8912-09C043B9C268}.R_random_exit|x64.ActiveCfg = R_random_exit|x64
		{CDCE0809-6C77-480B-8912-09C043B9C268}.R_random_exit|x64.Build.0 = R_random_exit|x64
		{CDCE0809-6C77-480B-8912-09C043B9C268}.R_random_exit|x86.ActiveCfg = R_random_exit|Win32
		{CDCE0809-6C77-480B-8912-09C043B9C268}.R_random_exit|x86.Build.0 = R_random_exit|Win32
		{CDCE0809-6C77-480B-8912-09C043B9C268}.R_rpi4|x64.ActiveCfg = R_rpi4|x64
		{CDCE0809-6C77-480B-8912-09C043B9C268}.R_rpi4|x64.Build.0 = R_rpi4|x64
		{CDCE0809-6C77-480B-8912-09C043B9C268}.R_rpi4|x86.ActiveCfg = R_rpi4|Win32
		{CDCE0809-6C77-480B-8912-09C043B9C268}.R_rpi4|x86.Build.0 = R_rpi4|Win32
		{CDCE0809-6C77-480B-8912-09C043B9C268}.R_rujp|x64.ActiveCfg = R_rujp|x64
		{CDCE0809-6C77-480B-8912-09C043B9C268}.R_rujp|x64.Build.0 = R_rujp|x64
		{CDCE0809-6C77-480B-8912-09C043B9C268}.R_rujp|x86.ActiveCfg = R_rujp|Win32
		{CDCE0809-6C77-480B-8912-09C043B9C268}.R_rujp|x86.Build.0 = R_rujp|Win32
		{CDCE0809-6C77-480B-8912-09C043B9C268}.R_tcp|x64.ActiveCfg = R_tcp|x64
		{CDCE0809-6C77-480B-8912-09C043B9C268}.R_tcp|x64.Build.0 = R_tcp|x64
		{CDCE0809-6C77-480B-8912-09C043B9C268}.R_tcp|x86.ActiveCfg = R_tcp|Win32
		{CDCE0809-6C77-480B-8912-09C043B9C268}.R_tcp|x86.Build.0 = R_tcp|Win32
		{CDCE0809-6C77-480B-8912-09C043B9C268}.R_vul_jp|x64.ActiveCfg = R_vul_jp|x64
		{CDCE0809-6C77-480B-8912-09C043B9C268}.R_vul_jp|x64.Build.0 = R_vul_jp|x64
		{CDCE0809-6C77-480B-8912-09C043B9C268}.R_vul_jp|x86.ActiveCfg = R_vul_jp|Win32
		{CDCE0809-6C77-480B-8912-09C043B9C268}.R_vul_jp|x86.Build.0 = R_vul_jp|Win32
		{CDCE0809-6C77-480B-8912-09C043B9C268}.Release_rujp|x64.ActiveCfg = Release_rujp|x64
		{CDCE0809-6C77-480B-8912-09C043B9C268}.Release_rujp|x64.Build.0 = Release_rujp|x64
		{CDCE0809-6C77-480B-8912-09C043B9C268}.Release_rujp|x86.ActiveCfg = Release_rujp|Win32
		{CDCE0809-6C77-480B-8912-09C043B9C268}.Release_rujp|x86.Build.0 = Release_rujp|Win32
		{CDCE0809-6C77-480B-8912-09C043B9C268}.Release|x64.ActiveCfg = Release|x64
		{CDCE0809-6C77-480B-8912-09C043B9C268}.Release|x64.Build.0 = Release|x64
		{CDCE0809-6C77-480B-8912-09C043B9C268}.Release|x86.ActiveCfg = Release|Win32
		{CDCE0809-6C77-480B-8912-09C043B9C268}.Release|x86.Build.0 = Release|Win32
	EndGlobalSection
	GlobalSection(SolutionProperties) = preSolution
		HideSolutionNode = FALSE
	EndGlobalSection
	GlobalSection(ExtensibilityGlobals) = postSolution
		SolutionGuid = {C64536DA-5900-4885-9CA2-E32E4FFD14A1}
	EndGlobalSection
EndGlobal
