
Microsoft Visual Studio Solution File, Format Version 12.00
# Visual Studio Version 16
VisualStudioVersion = 16.0.32602.291
MinimumVisualStudioVersion = 10.0.40219.1
Project("{8BC9CEB8-8B4A-11D0-8D11-00A0C91BC942}") = "helloworld", "helloworld.vcxproj", "{4829A560-24EB-475B-A1F0-CEA6F5EAB630}"
EndProject
Project("{8BC9CEB8-8B4A-11D0-8D11-00A0C91BC942}") = "netplus", "..\..\..\..\projects\msvc\netplus.vcxproj", "{BBAE246C-3639-4750-A212-E3A0B86E9BC3}"
EndProject
Global
	GlobalSection(SolutionConfigurationPlatforms) = preSolution
		Debug_comm|ARM64 = Debug_comm|ARM64
		Debug_comm|x64 = Debug_comm|x64
		Debug_comm|x86 = Debug_comm|x86
		Debug|ARM64 = Debug|ARM64
		Debug|x64 = Debug|x64
		Debug|x86 = Debug|x86
		Release|ARM64 = Release|ARM64
		Release|x64 = Release|x64
		Release|x86 = Release|x86
	EndGlobalSection
	GlobalSection(ProjectConfigurationPlatforms) = postSolution
		{4829A560-24EB-475B-A1F0-CEA6F5EAB630}.Debug_comm|ARM64.ActiveCfg = Debug|Win32
		{4829A560-24EB-475B-A1F0-CEA6F5EAB630}.Debug_comm|ARM64.Build.0 = Debug|Win32
		{4829A560-24EB-475B-A1F0-CEA6F5EAB630}.Debug_comm|x64.ActiveCfg = Debug|x64
		{4829A560-24EB-475B-A1F0-CEA6F5EAB630}.Debug_comm|x64.Build.0 = Debug|x64
		{4829A560-24EB-475B-A1F0-CEA6F5EAB630}.Debug_comm|x86.ActiveCfg = Debug|Win32
		{4829A560-24EB-475B-A1F0-CEA6F5EAB630}.Debug_comm|x86.Build.0 = Debug|Win32
		{4829A560-24EB-475B-A1F0-CEA6F5EAB630}.Debug|ARM64.ActiveCfg = Debug|Win32
		{4829A560-24EB-475B-A1F0-CEA6F5EAB630}.Debug|x64.ActiveCfg = Debug|x64
		{4829A560-24EB-475B-A1F0-CEA6F5EAB630}.Debug|x64.Build.0 = Debug|x64
		{4829A560-24EB-475B-A1F0-CEA6F5EAB630}.Debug|x86.ActiveCfg = Debug|Win32
		{4829A560-24EB-475B-A1F0-CEA6F5EAB630}.Debug|x86.Build.0 = Debug|Win32
		{4829A560-24EB-475B-A1F0-CEA6F5EAB630}.Release|ARM64.ActiveCfg = Release|Win32
		{4829A560-24EB-475B-A1F0-CEA6F5EAB630}.Release|x64.ActiveCfg = Release|x64
		{4829A560-24EB-475B-A1F0-CEA6F5EAB630}.Release|x64.Build.0 = Release|x64
		{4829A560-24EB-475B-A1F0-CEA6F5EAB630}.Release|x86.ActiveCfg = Release|Win32
		{4829A560-24EB-475B-A1F0-CEA6F5EAB630}.Release|x86.Build.0 = Release|Win32
		{BBAE246C-3639-4750-A212-E3A0B86E9BC3}.Debug_comm|ARM64.ActiveCfg = Debug_comm|ARM64
		{BBAE246C-3639-4750-A212-E3A0B86E9BC3}.Debug_comm|ARM64.Build.0 = Debug_comm|ARM64
		{BBAE246C-3639-4750-A212-E3A0B86E9BC3}.Debug_comm|x64.ActiveCfg = Debug_comm|x64
		{BBAE246C-3639-4750-A212-E3A0B86E9BC3}.Debug_comm|x64.Build.0 = Debug_comm|x64
		{BBAE246C-3639-4750-A212-E3A0B86E9BC3}.Debug_comm|x86.ActiveCfg = Debug_comm|Win32
		{BBAE246C-3639-4750-A212-E3A0B86E9BC3}.Debug_comm|x86.Build.0 = Debug_comm|Win32
		{BBAE246C-3639-4750-A212-E3A0B86E9BC3}.Debug|ARM64.ActiveCfg = Debug|ARM64
		{BBAE246C-3639-4750-A212-E3A0B86E9BC3}.Debug|ARM64.Build.0 = Debug|ARM64
		{BBAE246C-3639-4750-A212-E3A0B86E9BC3}.Debug|x64.ActiveCfg = Debug|x64
		{BBAE246C-3639-4750-A212-E3A0B86E9BC3}.Debug|x64.Build.0 = Debug|x64
		{BBAE246C-3639-4750-A212-E3A0B86E9BC3}.Debug|x86.ActiveCfg = Debug|Win32
		{BBAE246C-3639-4750-A212-E3A0B86E9BC3}.Debug|x86.Build.0 = Debug|Win32
		{BBAE246C-3639-4750-A212-E3A0B86E9BC3}.Release|ARM64.ActiveCfg = Release|ARM64
		{BBAE246C-3639-4750-A212-E3A0B86E9BC3}.Release|ARM64.Build.0 = Release|ARM64
		{BBAE246C-3639-4750-A212-E3A0B86E9BC3}.Release|x64.ActiveCfg = Release|x64
		{BBAE246C-3639-4750-A212-E3A0B86E9BC3}.Release|x64.Build.0 = Release|x64
		{BBAE246C-3639-4750-A212-E3A0B86E9BC3}.Release|x86.ActiveCfg = Release|Win32
		{BBAE246C-3639-4750-A212-E3A0B86E9BC3}.Release|x86.Build.0 = Release|Win32
	EndGlobalSection
	GlobalSection(SolutionProperties) = preSolution
		HideSolutionNode = FALSE
	EndGlobalSection
	GlobalSection(ExtensibilityGlobals) = postSolution
		SolutionGuid = {ABB7B9DD-63DE-4668-B0A1-DF8AADCAFE80}
	EndGlobalSection
EndGlobal
